
Microsoft Visual Studio Solution File, Format Version 12.00
# Visual Studio Version 17
VisualStudioVersion = 17.0.32014.148
MinimumVisualStudioVersion = 10.0.40219.1
Project("{FAE04EC0-301F-11D3-BF4B-00C04F79EFBC}") = "ASLAlphabet", "ASLAlphabet\ASLAlphabet.csproj", "{1F132A57-0FF0-41E1-8985-2DF85E653B72}"
EndProject
Global
	GlobalSection(SolutionConfigurationPlatforms) = preSolution
		Debug|Any CPU = Debug|Any CPU
		Release|Any CPU = Release|Any CPU
	EndGlobalSection
	GlobalSection(ProjectConfigurationPlatforms) = postSolution
		{1F132A57-0FF0-41E1-8985-2DF85E653B72}.Debug|Any CPU.ActiveCfg = Debug|Any CPU
		{1F132A57-0FF0-41E1-8985-2DF85E653B72}.Debug|Any CPU.Build.0 = Debug|Any CPU
		{1F132A57-0FF0-41E1-8985-2DF85E653B72}.Release|Any CPU.ActiveCfg = Release|Any CPU
		{1F132A57-0FF0-41E1-8985-2DF85E653B72}.Release|Any CPU.Build.0 = Release|Any CPU
	EndGlobalSection
	GlobalSection(SolutionProperties) = preSolution
		HideSolutionNode = FALSE
	EndGlobalSection
	GlobalSection(ExtensibilityGlobals) = postSolution
		SolutionGuid = {29F89D3A-B49D-48BC-BEDE-E5F3357C09F1}
	EndGlobalSection
EndGlobal
