
Microsoft Visual Studio Solution File, Format Version 12.00
# Visual Studio Version 16
VisualStudioVersion = 16.0.31321.278
MinimumVisualStudioVersion = 10.0.40219.1
Project("{FAE04EC0-301F-11D3-BF4B-00C04F79EFBC}") = "ComputerVisionExample", "ComputerVisionExample\ComputerVisionExample.csproj", "{3A00FC7E-9516-4DC0-B0A6-3FA45F8E5E33}"
EndProject
Global
	GlobalSection(SolutionConfigurationPlatforms) = preSolution
		Debug|Any CPU = Debug|Any CPU
		Release|Any CPU = Release|Any CPU
	EndGlobalSection
	GlobalSection(ProjectConfigurationPlatforms) = postSolution
		{3A00FC7E-9516-4DC0-B0A6-3FA45F8E5E33}.Debug|Any CPU.ActiveCfg = Debug|Any CPU
		{3A00FC7E-9516-4DC0-B0A6-3FA45F8E5E33}.Debug|Any CPU.Build.0 = Debug|Any CPU
		{3A00FC7E-9516-4DC0-B0A6-3FA45F8E5E33}.Release|Any CPU.ActiveCfg = Release|Any CPU
		{3A00FC7E-9516-4DC0-B0A6-3FA45F8E5E33}.Release|Any CPU.Build.0 = Release|Any CPU
	EndGlobalSection
	GlobalSection(SolutionProperties) = preSolution
		HideSolutionNode = FALSE
	EndGlobalSection
	GlobalSection(ExtensibilityGlobals) = postSolution
		SolutionGuid = {EFCACE97-75DB-4652-9F1E-C0AE2AF3A8AF}
	EndGlobalSection
EndGlobal
